
Microsoft Visual Studio Solution File, Format Version 12.00
# Visual Studio Version 16
VisualStudioVersion = 16.0.31005.135
MinimumVisualStudioVersion = 10.0.40219.1
Project("{9A19103F-16F7-4668-BE54-9A1E7A4F7556}") = "Basics", "Basics\Basics.csproj", "{C4520B8D-6191-4EBF-BD34-BE177BFEA34C}"
EndProject
Project("{9A19103F-16F7-4668-BE54-9A1E7A4F7556}") = "IdentityExample", "IdentityExample\IdentityExample.csproj", "{656E30C7-B628-47A1-8339-217BF69C06A8}"
EndProject
Project("{2150E333-8FDC-42A3-9474-1A3956D46DE8}") = "Basic", "Basic", "{BF0FF367-AFA9-432B-BC11-7B0788D6B28A}"
EndProject
Project("{2150E333-8FDC-42A3-9474-1A3956D46DE8}") = "oauth", "oauth", "{EDEFED18-6258-4CA8-B412-8C0CBBFBC181}"
EndProject
Project("{9A19103F-16F7-4668-BE54-9A1E7A4F7556}") = "Server", "Server\Server.csproj", "{3394D1C2-BFAC-45E2-B9D8-CE4EBD709859}"
EndProject
Project("{9A19103F-16F7-4668-BE54-9A1E7A4F7556}") = "Client", "Client\Client.csproj", "{2727AE8E-E02D-4C1C-823A-401AA18172B3}"
EndProject
Project("{9A19103F-16F7-4668-BE54-9A1E7A4F7556}") = "Api", "Api\Api.csproj", "{2AFB4842-F7C0-4ED4-8D60-1369181301FF}"
EndProject
Global
	GlobalSection(SolutionConfigurationPlatforms) = preSolution
		Debug|Any CPU = Debug|Any CPU
		Release|Any CPU = Release|Any CPU
	EndGlobalSection
	GlobalSection(ProjectConfigurationPlatforms) = postSolution
		{C4520B8D-6191-4EBF-BD34-BE177BFEA34C}.Debug|Any CPU.ActiveCfg = Debug|Any CPU
		{C4520B8D-6191-4EBF-BD34-BE177BFEA34C}.Debug|Any CPU.Build.0 = Debug|Any CPU
		{C4520B8D-6191-4EBF-BD34-BE177BFEA34C}.Release|Any CPU.ActiveCfg = Release|Any CPU
		{C4520B8D-6191-4EBF-BD34-BE177BFEA34C}.Release|Any CPU.Build.0 = Release|Any CPU
		{656E30C7-B628-47A1-8339-217BF69C06A8}.Debug|Any CPU.ActiveCfg = Debug|Any CPU
		{656E30C7-B628-47A1-8339-217BF69C06A8}.Debug|Any CPU.Build.0 = Debug|Any CPU
		{656E30C7-B628-47A1-8339-217BF69C06A8}.Release|Any CPU.ActiveCfg = Release|Any CPU
		{656E30C7-B628-47A1-8339-217BF69C06A8}.Release|Any CPU.Build.0 = Release|Any CPU
		{3394D1C2-BFAC-45E2-B9D8-CE4EBD709859}.Debug|Any CPU.ActiveCfg = Debug|Any CPU
		{3394D1C2-BFAC-45E2-B9D8-CE4EBD709859}.Debug|Any CPU.Build.0 = Debug|Any CPU
		{3394D1C2-BFAC-45E2-B9D8-CE4EBD709859}.Release|Any CPU.ActiveCfg = Release|Any CPU
		{3394D1C2-BFAC-45E2-B9D8-CE4EBD709859}.Release|Any CPU.Build.0 = Release|Any CPU
		{2727AE8E-E02D-4C1C-823A-401AA18172B3}.Debug|Any CPU.ActiveCfg = Debug|Any CPU
		{2727AE8E-E02D-4C1C-823A-401AA18172B3}.Debug|Any CPU.Build.0 = Debug|Any CPU
		{2727AE8E-E02D-4C1C-823A-401AA18172B3}.Release|Any CPU.ActiveCfg = Release|Any CPU
		{2727AE8E-E02D-4C1C-823A-401AA18172B3}.Release|Any CPU.Build.0 = Release|Any CPU
		{2AFB4842-F7C0-4ED4-8D60-1369181301FF}.Debug|Any CPU.ActiveCfg = Debug|Any CPU
		{2AFB4842-F7C0-4ED4-8D60-1369181301FF}.Debug|Any CPU.Build.0 = Debug|Any CPU
		{2AFB4842-F7C0-4ED4-8D60-1369181301FF}.Release|Any CPU.ActiveCfg = Release|Any CPU
		{2AFB4842-F7C0-4ED4-8D60-1369181301FF}.Release|Any CPU.Build.0 = Release|Any CPU
	EndGlobalSection
	GlobalSection(SolutionProperties) = preSolution
		HideSolutionNode = FALSE
	EndGlobalSection
	GlobalSection(NestedProjects) = preSolution
		{C4520B8D-6191-4EBF-BD34-BE177BFEA34C} = {BF0FF367-AFA9-432B-BC11-7B0788D6B28A}
		{656E30C7-B628-47A1-8339-217BF69C06A8} = {BF0FF367-AFA9-432B-BC11-7B0788D6B28A}
		{3394D1C2-BFAC-45E2-B9D8-CE4EBD709859} = {EDEFED18-6258-4CA8-B412-8C0CBBFBC181}
		{2727AE8E-E02D-4C1C-823A-401AA18172B3} = {EDEFED18-6258-4CA8-B412-8C0CBBFBC181}
		{2AFB4842-F7C0-4ED4-8D60-1369181301FF} = {EDEFED18-6258-4CA8-B412-8C0CBBFBC181}
	EndGlobalSection
	GlobalSection(ExtensibilityGlobals) = postSolution
		SolutionGuid = {5B066236-19FE-4397-A4CD-5E2797C555DC}
	EndGlobalSection
EndGlobal
